
Microsoft Visual Studio Solution File, Format Version 12.00
# Visual Studio Version 17
VisualStudioVersion = 17.0.32014.148
MinimumVisualStudioVersion = 10.0.40219.1
Project("{FAE04EC0-301F-11D3-BF4B-00C04F79EFBC}") = "MatchGame1", "MatchGame1\MatchGame1.csproj", "{9914C09F-9C3D-47FF-9475-E24A16954277}"
EndProject
Global
	GlobalSection(SolutionConfigurationPlatforms) = preSolution
		Debug|Any CPU = Debug|Any CPU
		Release|Any CPU = Release|Any CPU
	EndGlobalSection
	GlobalSection(ProjectConfigurationPlatforms) = postSolution
		{9914C09F-9C3D-47FF-9475-E24A16954277}.Debug|Any CPU.ActiveCfg = Debug|Any CPU
		{9914C09F-9C3D-47FF-9475-E24A16954277}.Debug|Any CPU.Build.0 = Debug|Any CPU
		{9914C09F-9C3D-47FF-9475-E24A16954277}.Release|Any CPU.ActiveCfg = Release|Any CPU
		{9914C09F-9C3D-47FF-9475-E24A16954277}.Release|Any CPU.Build.0 = Release|Any CPU
	EndGlobalSection
	GlobalSection(SolutionProperties) = preSolution
		HideSolutionNode = FALSE
	EndGlobalSection
	GlobalSection(ExtensibilityGlobals) = postSolution
		SolutionGuid = {FEB5084E-88A3-4D43-A29C-A778F134FBCF}
	EndGlobalSection
EndGlobal
